
Microsoft Visual Studio Solution File, Format Version 12.00
# Visual Studio Version 16
VisualStudioVersion = 16.0.30204.135
MinimumVisualStudioVersion = 10.0.40219.1
Project("{8BC9CEB8-8B4A-11D0-8D11-00A0C91BC942}") = "iterayionMethod", "iterayionMethod\iterayionMethod.vcxproj", "{DD145101-B4BE-4D44-B384-E04E36BA9560}"
EndProject
Global
	GlobalSection(SolutionConfigurationPlatforms) = preSolution
		Debug|x64 = Debug|x64
		Debug|x86 = Debug|x86
		Release|x64 = Release|x64
		Release|x86 = Release|x86
	EndGlobalSection
	GlobalSection(ProjectConfigurationPlatforms) = postSolution
		{DD145101-B4BE-4D44-B384-E04E36BA9560}.Debug|x64.ActiveCfg = Debug|x64
		{DD145101-B4BE-4D44-B384-E04E36BA9560}.Debug|x64.Build.0 = Debug|x64
		{DD145101-B4BE-4D44-B384-E04E36BA9560}.Debug|x86.ActiveCfg = Debug|Win32
		{DD145101-B4BE-4D44-B384-E04E36BA9560}.Debug|x86.Build.0 = Debug|Win32
		{DD145101-B4BE-4D44-B384-E04E36BA9560}.Release|x64.ActiveCfg = Release|x64
		{DD145101-B4BE-4D44-B384-E04E36BA9560}.Release|x64.Build.0 = Release|x64
		{DD145101-B4BE-4D44-B384-E04E36BA9560}.Release|x86.ActiveCfg = Release|Win32
		{DD145101-B4BE-4D44-B384-E04E36BA9560}.Release|x86.Build.0 = Release|Win32
	EndGlobalSection
	GlobalSection(SolutionProperties) = preSolution
		HideSolutionNode = FALSE
	EndGlobalSection
	GlobalSection(ExtensibilityGlobals) = postSolution
		SolutionGuid = {8C27EC0C-618B-4358-B01D-9338C3A83D16}
	EndGlobalSection
EndGlobal
